
Microsoft Visual Studio Solution File, Format Version 12.00
# Visual Studio Version 17
VisualStudioVersion = 17.3.32819.101
MinimumVisualStudioVersion = 10.0.40219.1
Project("{FAE04EC0-301F-11D3-BF4B-00C04F79EFBC}") = "ETicaretDemo", "ETicaretDemo\ETicaretDemo.csproj", "{954BCC43-559C-480C-A494-B5FEF37EA511}"
EndProject
Global
	GlobalSection(SolutionConfigurationPlatforms) = preSolution
		Debug|Any CPU = Debug|Any CPU
		Release|Any CPU = Release|Any CPU
	EndGlobalSection
	GlobalSection(ProjectConfigurationPlatforms) = postSolution
		{954BCC43-559C-480C-A494-B5FEF37EA511}.Debug|Any CPU.ActiveCfg = Debug|Any CPU
		{954BCC43-559C-480C-A494-B5FEF37EA511}.Debug|Any CPU.Build.0 = Debug|Any CPU
		{954BCC43-559C-480C-A494-B5FEF37EA511}.Release|Any CPU.ActiveCfg = Release|Any CPU
		{954BCC43-559C-480C-A494-B5FEF37EA511}.Release|Any CPU.Build.0 = Release|Any CPU
	EndGlobalSection
	GlobalSection(SolutionProperties) = preSolution
		HideSolutionNode = FALSE
	EndGlobalSection
	GlobalSection(ExtensibilityGlobals) = postSolution
		SolutionGuid = {912D4EFE-7FD7-4395-8C44-6F23AE686453}
	EndGlobalSection
EndGlobal
